// !$*UTF8*$!
{
	archiveVersion = 1;
	classes = {
	};
	objectVersion = 46;
	objects = {

/* Begin PBXBuildFile section */
		7A3AF7DF1D99060D00F8C559 /* AppDelegate.swift in Sources */ = {isa = PBXBuildFile; fileRef = 7A3AF7DE1D99060D00F8C559 /* AppDelegate.swift */; };
		7A3AF7E61D99060D00F8C559 /* Assets.xcassets in Resources */ = {isa = PBXBuildFile; fileRef = 7A3AF7E51D99060D00F8C559 /* Assets.xcassets */; };
		7A3AF7E91D99060D00F8C559 /* LaunchScreen.storyboard in Resources */ = {isa = PBXBuildFile; fileRef = 7A3AF7E71D99060D00F8C559 /* LaunchScreen.storyboard */; };
		7A3AF8231D99088700F8C559 /* AJ.framework in Frameworks */ = {isa = PBXBuildFile; fileRef = 7A3AF8181D99080500F8C559 /* AJ.framework */; };
		7A3AF82B1D990D6300F8C559 /* assets in Resources */ = {isa = PBXBuildFile; fileRef = 7A3AF82A1D990D6300F8C559 /* assets */; };
		7A3AF8301D990DD200F8C559 /* Actions.swift in Sources */ = {isa = PBXBuildFile; fileRef = 7A3AF82C1D990DD200F8C559 /* Actions.swift */; };
		7A3AF8311D990DD200F8C559 /* Constants.swift in Sources */ = {isa = PBXBuildFile; fileRef = 7A3AF82D1D990DD200F8C559 /* Constants.swift */; };
		7A3AF8321D990DD200F8C559 /* HomeScreen.swift in Sources */ = {isa = PBXBuildFile; fileRef = 7A3AF82E1D990DD200F8C559 /* HomeScreen.swift */; };
		7A3AF8331D990DD200F8C559 /* Stores.swift in Sources */ = {isa = PBXBuildFile; fileRef = 7A3AF82F1D990DD200F8C559 /* Stores.swift */; };
/* End PBXBuildFile section */

/* Begin PBXContainerItemProxy section */
		7A3AF8171D99080500F8C559 /* PBXContainerItemProxy */ = {
			isa = PBXContainerItemProxy;
			containerPortal = 7A3AF8101D99080400F8C559 /* AJ.xcodeproj */;
			proxyType = 2;
			remoteGlobalIDString = 7A09E2DB1C74871800984A5A;
			remoteInfo = AJ;
		};
		7A3AF8191D99080500F8C559 /* PBXContainerItemProxy */ = {
			isa = PBXContainerItemProxy;
			containerPortal = 7A3AF8101D99080400F8C559 /* AJ.xcodeproj */;
			proxyType = 2;
			remoteGlobalIDString = 7A09E2E51C74871900984A5A;
			remoteInfo = AJTests;
		};
/* End PBXContainerItemProxy section */

/* Begin PBXFileReference section */
		7A3AF7DB1D99060D00F8C559 /* App.app */ = {isa = PBXFileReference; explicitFileType = wrapper.application; includeInIndex = 0; path = App.app; sourceTree = BUILT_PRODUCTS_DIR; };
		7A3AF7DE1D99060D00F8C559 /* AppDelegate.swift */ = {isa = PBXFileReference; lastKnownFileType = sourcecode.swift; path = AppDelegate.swift; sourceTree = "<group>"; };
		7A3AF7E51D99060D00F8C559 /* Assets.xcassets */ = {isa = PBXFileReference; lastKnownFileType = folder.assetcatalog; path = Assets.xcassets; sourceTree = "<group>"; };
		7A3AF7E81D99060D00F8C559 /* Base */ = {isa = PBXFileReference; lastKnownFileType = file.storyboard; name = Base; path = Base.lproj/LaunchScreen.storyboard; sourceTree = "<group>"; };
		7A3AF7EA1D99060D00F8C559 /* Info.plist */ = {isa = PBXFileReference; lastKnownFileType = text.plist.xml; path = Info.plist; sourceTree = "<group>"; };
		7A3AF8101D99080400F8C559 /* AJ.xcodeproj */ = {isa = PBXFileReference; lastKnownFileType = "wrapper.pb-project"; name = AJ.xcodeproj; path = ../Libs/AJ/AJ.xcodeproj; sourceTree = "<group>"; };
		7A3AF82A1D990D6300F8C559 /* assets */ = {isa = PBXFileReference; lastKnownFileType = folder; name = assets; path = App/assets; sourceTree = "<group>"; };
		7A3AF82C1D990DD200F8C559 /* Actions.swift */ = {isa = PBXFileReference; fileEncoding = 4; lastKnownFileType = sourcecode.swift; path = Actions.swift; sourceTree = "<group>"; };
		7A3AF82D1D990DD200F8C559 /* Constants.swift */ = {isa = PBXFileReference; fileEncoding = 4; lastKnownFileType = sourcecode.swift; path = Constants.swift; sourceTree = "<group>"; };
		7A3AF82E1D990DD200F8C559 /* HomeScreen.swift */ = {isa = PBXFileReference; fileEncoding = 4; lastKnownFileType = sourcecode.swift; path = HomeScreen.swift; sourceTree = "<group>"; };
		7A3AF82F1D990DD200F8C559 /* Stores.swift */ = {isa = PBXFileReference; fileEncoding = 4; lastKnownFileType = sourcecode.swift; path = Stores.swift; sourceTree = "<group>"; };
/* End PBXFileReference section */

/* Begin PBXFrameworksBuildPhase section */
		7A3AF7D81D99060C00F8C559 /* Frameworks */ = {
			isa = PBXFrameworksBuildPhase;
			buildActionMask = 2147483647;
			files = (
				7A3AF8231D99088700F8C559 /* AJ.framework in Frameworks */,
			);
			runOnlyForDeploymentPostprocessing = 0;
		};
/* End PBXFrameworksBuildPhase section */

/* Begin PBXGroup section */
		7A3AF7D21D99060C00F8C559 = {
			isa = PBXGroup;
			children = (
				7A3AF82A1D990D6300F8C559 /* assets */,
				7A3AF7DD1D99060D00F8C559 /* App */,
				7A3AF7F01D99061900F8C559 /* Frameworks */,
				7A3AF7DC1D99060D00F8C559 /* Products */,
			);
			sourceTree = "<group>";
		};
		7A3AF7DC1D99060D00F8C559 /* Products */ = {
			isa = PBXGroup;
			children = (
				7A3AF7DB1D99060D00F8C559 /* App.app */,
			);
			name = Products;
			sourceTree = "<group>";
		};
		7A3AF7DD1D99060D00F8C559 /* App */ = {
			isa = PBXGroup;
			children = (
				7A3AF82C1D990DD200F8C559 /* Actions.swift */,
				7A3AF7DE1D99060D00F8C559 /* AppDelegate.swift */,
				7A3AF7E51D99060D00F8C559 /* Assets.xcassets */,
				7A3AF82D1D990DD200F8C559 /* Constants.swift */,
				7A3AF7EA1D99060D00F8C559 /* Info.plist */,
				7A3AF7E71D99060D00F8C559 /* LaunchScreen.storyboard */,
				7A3AF8241D99089400F8C559 /* Screens */,
				7A3AF82F1D990DD200F8C559 /* Stores.swift */,
			);
			path = App;
			sourceTree = "<group>";
		};
		7A3AF7F01D99061900F8C559 /* Frameworks */ = {
			isa = PBXGroup;
			children = (
				7A3AF8101D99080400F8C559 /* AJ.xcodeproj */,
			);
			name = Frameworks;
			sourceTree = "<group>";
		};
		7A3AF8111D99080400F8C559 /* Products */ = {
			isa = PBXGroup;
			children = (
				7A3AF8181D99080500F8C559 /* AJ.framework */,
				7A3AF81A1D99080500F8C559 /* AJTests.xctest */,
			);
			name = Products;
			sourceTree = "<group>";
		};
		7A3AF8241D99089400F8C559 /* Screens */ = {
			isa = PBXGroup;
			children = (
				7A3AF82E1D990DD200F8C559 /* HomeScreen.swift */,
			);
			name = Screens;
			sourceTree = "<group>";
		};
/* End PBXGroup section */

/* Begin PBXNativeTarget section */
		7A3AF7DA1D99060C00F8C559 /* App */ = {
			isa = PBXNativeTarget;
			buildConfigurationList = 7A3AF7ED1D99060D00F8C559 /* Build configuration list for PBXNativeTarget "App" */;
			buildPhases = (
				7A3AF7D71D99060C00F8C559 /* Sources */,
				7A3AF7D81D99060C00F8C559 /* Frameworks */,
				7A3AF7D91D99060C00F8C559 /* Resources */,
			);
			buildRules = (
			);
			dependencies = (
			);
			name = App;
			productName = App;
			productReference = 7A3AF7DB1D99060D00F8C559 /* App.app */;
			productType = "com.apple.product-type.application";
		};
/* End PBXNativeTarget section */

/* Begin PBXProject section */
		7A3AF7D31D99060C00F8C559 /* Project object */ = {
			isa = PBXProject;
			attributes = {
				LastSwiftUpdateCheck = 0800;
				LastUpgradeCheck = 0800;
				ORGANIZATIONNAME = "Bruno Fortunato";
				TargetAttributes = {
					7A3AF7DA1D99060C00F8C559 = {
						CreatedOnToolsVersion = 8.0;
						ProvisioningStyle = Automatic;
					};
				};
			};
			buildConfigurationList = 7A3AF7D61D99060C00F8C559 /* Build configuration list for PBXProject "App" */;
			compatibilityVersion = "Xcode 3.2";
			developmentRegion = English;
			hasScannedForEncodings = 0;
			knownRegions = (
				en,
				Base,
			);
			mainGroup = 7A3AF7D21D99060C00F8C559;
			productRefGroup = 7A3AF7DC1D99060D00F8C559 /* Products */;
			projectDirPath = "";
			projectReferences = (
				{
					ProductGroup = 7A3AF8111D99080400F8C559 /* Products */;
					ProjectRef = 7A3AF8101D99080400F8C559 /* AJ.xcodeproj */;
				},
			);
			projectRoot = "";
			targets = (
				7A3AF7DA1D99060C00F8C559 /* App */,
			);
		};
/* End PBXProject section */

/* Begin PBXReferenceProxy section */
		7A3AF8181D99080500F8C559 /* AJ.framework */ = {
			isa = PBXReferenceProxy;
			fileType = wrapper.framework;
			path = AJ.framework;
			remoteRef = 7A3AF8171D99080500F8C559 /* PBXContainerItemProxy */;
			sourceTree = BUILT_PRODUCTS_DIR;
		};
		7A3AF81A1D99080500F8C559 /* AJTests.xctest */ = {
			isa = PBXReferenceProxy;
			fileType = wrapper.cfbundle;
			path = AJTests.xctest;
			remoteRef = 7A3AF8191D99080500F8C559 /* PBXContainerItemProxy */;
			sourceTree = BUILT_PRODUCTS_DIR;
		};
/* End PBXReferenceProxy section */

/* Begin PBXResourcesBuildPhase section */
		7A3AF7D91D99060C00F8C559 /* Resources */ = {
			isa = PBXResourcesBuildPhase;
			buildActionMask = 2147483647;
			files = (
				7A3AF82B1D990D6300F8C559 /* assets in Resources */,
				7A3AF7E91D99060D00F8C559 /* LaunchScreen.storyboard in Resources */,
				7A3AF7E61D99060D00F8C559 /* Assets.xcassets in Resources */,
			);
			runOnlyForDeploymentPostprocessing = 0;
		};
/* End PBXResourcesBuildPhase section */

/* Begin PBXSourcesBuildPhase section */
		7A3AF7D71D99060C00F8C559 /* Sources */ = {
			isa = PBXSourcesBuildPhase;
			buildActionMask = 2147483647;
			files = (
				7A3AF8301D990DD200F8C559 /* Actions.swift in Sources */,
				7A3AF8321D990DD200F8C559 /* HomeScreen.swift in Sources */,
				7A3AF7DF1D99060D00F8C559 /* AppDelegate.swift in Sources */,
				7A3AF8311D990DD200F8C559 /* Constants.swift in Sources */,
				7A3AF8331D990DD200F8C559 /* Stores.swift in Sources */,
			);
			runOnlyForDeploymentPostprocessing = 0;
		};
/* End PBXSourcesBuildPhase section */

/* Begin PBXVariantGroup section */
		7A3AF7E71D99060D00F8C559 /* LaunchScreen.storyboard */ = {
			isa = PBXVariantGroup;
			children = (
				7A3AF7E81D99060D00F8C559 /* Base */,
			);
			name = LaunchScreen.storyboard;
			sourceTree = "<group>";
		};
/* End PBXVariantGroup section */

/* Begin XCBuildConfiguration section */
		7A3AF7EB1D99060D00F8C559 /* Debug */ = {
			isa = XCBuildConfiguration;
			buildSettings = {
				ALWAYS_SEARCH_USER_PATHS = NO;
				CLANG_ANALYZER_NONNULL = YES;
				CLANG_CXX_LANGUAGE_STANDARD = "gnu++0x";
				CLANG_CXX_LIBRARY = "libc++";
				CLANG_ENABLE_MODULES = YES;
				CLANG_ENABLE_OBJC_ARC = YES;
				CLANG_WARN_BOOL_CONVERSION = YES;
				CLANG_WARN_CONSTANT_CONVERSION = YES;
				CLANG_WARN_DIRECT_OBJC_ISA_USAGE = YES_ERROR;
				CLANG_WARN_DOCUMENTATION_COMMENTS = YES;
				CLANG_WARN_EMPTY_BODY = YES;
				CLANG_WARN_ENUM_CONVERSION = YES;
				CLANG_WARN_INFINITE_RECURSION = YES;
				CLANG_WARN_INT_CONVERSION = YES;
				CLANG_WARN_OBJC_ROOT_CLASS = YES_ERROR;
				CLANG_WARN_SUSPICIOUS_MOVES = YES;
				CLANG_WARN_UNREACHABLE_CODE = YES;
				CLANG_WARN__DUPLICATE_METHOD_MATCH = YES;
				"CODE_SIGN_IDENTITY[sdk=iphoneos*]" = "iPhone Developer";
				COPY_PHASE_STRIP = NO;
				DEBUG_INFORMATION_FORMAT = dwarf;
				ENABLE_STRICT_OBJC_MSGSEND = YES;
				ENABLE_TESTABILITY = YES;
				GCC_C_LANGUAGE_STANDARD = gnu99;
				GCC_DYNAMIC_NO_PIC = NO;
				GCC_NO_COMMON_BLOCKS = YES;
				GCC_OPTIMIZATION_LEVEL = 0;
				GCC_PREPROCESSOR_DEFINITIONS = (
					"DEBUG=1",
					"$(inherited)",
				);
				GCC_WARN_64_TO_32_BIT_CONVERSION = YES;
				GCC_WARN_ABOUT_RETURN_TYPE = YES_ERROR;
				GCC_WARN_UNDECLARED_SELECTOR = YES;
				GCC_WARN_UNINITIALIZED_AUTOS = YES_AGGRESSIVE;
				GCC_WARN_UNUSED_FUNCTION = YES;
				GCC_WARN_UNUSED_VARIABLE = YES;
				IPHONEOS_DEPLOYMENT_TARGET = 10.0;
				MTL_ENABLE_DEBUG_INFO = YES;
				ONLY_ACTIVE_ARCH = YES;
				SDKROOT = iphoneos;
				SWIFT_ACTIVE_COMPILATION_CONDITIONS = DEBUG;
				SWIFT_OPTIMIZATION_LEVEL = "-Onone";
			};
			name = Debug;
		};
		7A3AF7EC1D99060D00F8C559 /* Release */ = {
			isa = XCBuildConfiguration;
			buildSettings = {
				ALWAYS_SEARCH_USER_PATHS = NO;
				CLANG_ANALYZER_NONNULL = YES;
				CLANG_CXX_LANGUAGE_STANDARD = "gnu++0x";
				CLANG_CXX_LIBRARY = "libc++";
				CLANG_ENABLE_MODULES = YES;
				CLANG_ENABLE_OBJC_ARC = YES;
				CLANG_WARN_BOOL_CONVERSION = YES;
				CLANG_WARN_CONSTANT_CONVERSION = YES;
				CLANG_WARN_DIRECT_OBJC_ISA_USAGE = YES_ERROR;
				CLANG_WARN_DOCUMENTATION_COMMENTS = YES;
				CLANG_WARN_EMPTY_BODY = YES;
				CLANG_WARN_ENUM_CONVERSION = YES;
				CLANG_WARN_INFINITE_RECURSION = YES;
				CLANG_WARN_INT_CONVERSION = YES;
				CLANG_WARN_OBJC_ROOT_CLASS = YES_ERROR;
				CLANG_WARN_SUSPICIOUS_MOVES = YES;
				CLANG_WARN_UNREACHABLE_CODE = YES;
				CLANG_WARN__DUPLICATE_METHOD_MATCH = YES;
				"CODE_SIGN_IDENTITY[sdk=iphoneos*]" = "iPhone Developer";
				COPY_PHASE_STRIP = NO;
				DEBUG_INFORMATION_FORMAT = "dwarf-with-dsym";
				ENABLE_NS_ASSERTIONS = NO;
				ENABLE_STRICT_OBJC_MSGSEND = YES;
				GCC_C_LANGUAGE_STANDARD = gnu99;
				GCC_NO_COMMON_BLOCKS = YES;
				GCC_WARN_64_TO_32_BIT_CONVERSION = YES;
				GCC_WARN_ABOUT_RETURN_TYPE = YES_ERROR;
				GCC_WARN_UNDECLARED_SELECTOR = YES;
				GCC_WARN_UNINITIALIZED_AUTOS = YES_AGGRESSIVE;
				GCC_WARN_UNUSED_FUNCTION = YES;
				GCC_WARN_UNUSED_VARIABLE = YES;
				IPHONEOS_DEPLOYMENT_TARGET = 10.0;
				MTL_ENABLE_DEBUG_INFO = NO;
				SDKROOT = iphoneos;
				SWIFT_OPTIMIZATION_LEVEL = "-Owholemodule";
				VALIDATE_PRODUCT = YES;
			};
			name = Release;
		};
		7A3AF7EE1D99060D00F8C559 /* Debug */ = {
			isa = XCBuildConfiguration;
			buildSettings = {
				ASSETCATALOG_COMPILER_APPICON_NAME = AppIcon;
				INFOPLIST_FILE = App/Info.plist;
				LD_RUNPATH_SEARCH_PATHS = "$(inherited) @executable_path/Frameworks";
				PRODUCT_BUNDLE_IDENTIFIER = Applica.App;
				PRODUCT_NAME = "$(TARGET_NAME)";
				SWIFT_VERSION = 3.0;
			};
			name = Debug;
		};
		7A3AF7EF1D99060D00F8C559 /* Release */ = {
			isa = XCBuildConfiguration;
			buildSettings = {
				ASSETCATALOG_COMPILER_APPICON_NAME = AppIcon;
				INFOPLIST_FILE = App/Info.plist;
				LD_RUNPATH_SEARCH_PATHS = "$(inherited) @executable_path/Frameworks";
				PRODUCT_BUNDLE_IDENTIFIER = Applica.App;
				PRODUCT_NAME = "$(TARGET_NAME)";
				SWIFT_VERSION = 3.0;
			};
			name = Release;
		};
/* End XCBuildConfiguration section */

/* Begin XCConfigurationList section */
		7A3AF7D61D99060C00F8C559 /* Build configuration list for PBXProject "App" */ = {
			isa = XCConfigurationList;
			buildConfigurations = (
				7A3AF7EB1D99060D00F8C559 /* Debug */,
				7A3AF7EC1D99060D00F8C559 /* Release */,
			);
			defaultConfigurationIsVisible = 0;
			defaultConfigurationName = Release;
		};
		7A3AF7ED1D99060D00F8C559 /* Build configuration list for PBXNativeTarget "App" */ = {
			isa = XCConfigurationList;
			buildConfigurations = (
				7A3AF7EE1D99060D00F8C559 /* Debug */,
				7A3AF7EF1D99060D00F8C559 /* Release */,
			);
			defaultConfigurationIsVisible = 0;
			defaultConfigurationName = Release;
		};
/* End XCConfigurationList section */
	};
	rootObject = 7A3AF7D31D99060C00F8C559 /* Project object */;
}
